
Microsoft Visual Studio Solution File, Format Version 12.00
# Visual Studio 15
VisualStudioVersion = 15.0.28307.1082
MinimumVisualStudioVersion = 10.0.40219.1
Project("{FAE04EC0-301F-11D3-BF4B-00C04F79EFBC}") = "Smith Waterman Algorithm", "Smith Waterman Algorithm\Smith Waterman Algorithm.csproj", "{0F9E59DC-7C54-4C72-BF94-8554445DFBF7}"
EndProject
Global
	GlobalSection(SolutionConfigurationPlatforms) = preSolution
		Debug|Any CPU = Debug|Any CPU
		Release|Any CPU = Release|Any CPU
	EndGlobalSection
	GlobalSection(ProjectConfigurationPlatforms) = postSolution
		{0F9E59DC-7C54-4C72-BF94-8554445DFBF7}.Debug|Any CPU.ActiveCfg = Debug|Any CPU
		{0F9E59DC-7C54-4C72-BF94-8554445DFBF7}.Debug|Any CPU.Build.0 = Debug|Any CPU
		{0F9E59DC-7C54-4C72-BF94-8554445DFBF7}.Release|Any CPU.ActiveCfg = Release|Any CPU
		{0F9E59DC-7C54-4C72-BF94-8554445DFBF7}.Release|Any CPU.Build.0 = Release|Any CPU
	EndGlobalSection
	GlobalSection(SolutionProperties) = preSolution
		HideSolutionNode = FALSE
	EndGlobalSection
	GlobalSection(ExtensibilityGlobals) = postSolution
		SolutionGuid = {7CC56B09-6A08-4429-B4F1-788E59F3E8A5}
	EndGlobalSection
EndGlobal
